
Microsoft Visual Studio Solution File, Format Version 12.00
# Visual Studio Version 17
VisualStudioVersion = 17.8.34309.116
MinimumVisualStudioVersion = 10.0.40219.1
Project("{FAE04EC0-301F-11D3-BF4B-00C04F79EFBC}") = "DocFlow.Core", "src\DocFlow.Core\DocFlow.Core.csproj", "{A1B2C3D4-1234-5678-9ABC-DEF012345678}"
EndProject
Project("{FAE04EC0-301F-11D3-BF4B-00C04F79EFBC}") = "DocFlow.Diagrams", "src\DocFlow.Diagrams\DocFlow.Diagrams.csproj", "{B2C3D4E5-2345-6789-ABCD-EF0123456789}"
EndProject
Project("{FAE04EC0-301F-11D3-BF4B-00C04F79EFBC}") = "DocFlow.Documents", "src\DocFlow.Documents\DocFlow.Documents.csproj", "{C3D4E5F6-3456-789A-BCDE-F01234567890}"
EndProject
Project("{FAE04EC0-301F-11D3-BF4B-00C04F79EFBC}") = "DocFlow.CodeAnalysis", "src\DocFlow.CodeAnalysis\DocFlow.CodeAnalysis.csproj", "{D4E5F6A7-4567-89AB-CDEF-012345678901}"
EndProject
Project("{FAE04EC0-301F-11D3-BF4B-00C04F79EFBC}") = "DocFlow.CodeGen", "src\DocFlow.CodeGen\DocFlow.CodeGen.csproj", "{E5F6A7B8-5678-9ABC-DEF0-123456789012}"
EndProject
Project("{FAE04EC0-301F-11D3-BF4B-00C04F79EFBC}") = "DocFlow.Vision", "src\DocFlow.Vision\DocFlow.Vision.csproj", "{F6A7B8C9-6789-ABCD-EF01-234567890123}"
EndProject
Project("{FAE04EC0-301F-11D3-BF4B-00C04F79EFBC}") = "DocFlow.IMS", "src\DocFlow.IMS\DocFlow.IMS.csproj", "{A7B8C9D0-789A-BCDE-F012-345678901234}"
EndProject
Project("{FAE04EC0-301F-11D3-BF4B-00C04F79EFBC}") = "DocFlow.Ontology", "src\DocFlow.Ontology\DocFlow.Ontology.csproj", "{B8C9D0E1-89AB-CDEF-0123-456789012345}"
EndProject
Project("{FAE04EC0-301F-11D3-BF4B-00C04F79EFBC}") = "DocFlow.AI", "src\DocFlow.AI\DocFlow.AI.csproj", "{C9D0E1F2-9ABC-DEF0-1234-567890123456}"
EndProject
Project("{FAE04EC0-301F-11D3-BF4B-00C04F79EFBC}") = "DocFlow.CLI", "src\DocFlow.CLI\DocFlow.CLI.csproj", "{D0E1F2A3-ABCD-EF01-2345-678901234567}"
EndProject
Project("{FAE04EC0-301F-11D3-BF4B-00C04F79EFBC}") = "DocFlow.Integration", "src\DocFlow.Integration\DocFlow.Integration.csproj", "{F8A9B0C1-2345-6789-ABCD-456789012345}"
EndProject
Project("{FAE04EC0-301F-11D3-BF4B-00C04F79EFBC}") = "DocFlow.CodeAnalysis.Tests", "tests\DocFlow.CodeAnalysis.Tests\DocFlow.CodeAnalysis.Tests.csproj", "{C5D6E7F8-F012-3456-789A-123456789012}"
EndProject
Project("{FAE04EC0-301F-11D3-BF4B-00C04F79EFBC}") = "DocFlow.Diagrams.Tests", "tests\DocFlow.Diagrams.Tests\DocFlow.Diagrams.Tests.csproj", "{D6E7F8A9-0123-4567-89AB-234567890123}"
EndProject
Project("{2150E333-8FDC-42A3-9474-1A3956D46DE8}") = "src", "src", "{10000000-0000-0000-0000-000000000001}"
EndProject
Project("{2150E333-8FDC-42A3-9474-1A3956D46DE8}") = "tests", "tests", "{20000000-0000-0000-0000-000000000002}"
EndProject
Global
	GlobalSection(SolutionConfigurationPlatforms) = preSolution
		Debug|Any CPU = Debug|Any CPU
		Release|Any CPU = Release|Any CPU
	EndGlobalSection
	GlobalSection(ProjectConfigurationPlatforms) = postSolution
		{A1B2C3D4-1234-5678-9ABC-DEF012345678}.Debug|Any CPU.ActiveCfg = Debug|Any CPU
		{A1B2C3D4-1234-5678-9ABC-DEF012345678}.Debug|Any CPU.Build.0 = Debug|Any CPU
		{A1B2C3D4-1234-5678-9ABC-DEF012345678}.Release|Any CPU.ActiveCfg = Release|Any CPU
		{A1B2C3D4-1234-5678-9ABC-DEF012345678}.Release|Any CPU.Build.0 = Release|Any CPU
		{B2C3D4E5-2345-6789-ABCD-EF0123456789}.Debug|Any CPU.ActiveCfg = Debug|Any CPU
		{B2C3D4E5-2345-6789-ABCD-EF0123456789}.Debug|Any CPU.Build.0 = Debug|Any CPU
		{B2C3D4E5-2345-6789-ABCD-EF0123456789}.Release|Any CPU.ActiveCfg = Release|Any CPU
		{B2C3D4E5-2345-6789-ABCD-EF0123456789}.Release|Any CPU.Build.0 = Release|Any CPU
		{C3D4E5F6-3456-789A-BCDE-F01234567890}.Debug|Any CPU.ActiveCfg = Debug|Any CPU
		{C3D4E5F6-3456-789A-BCDE-F01234567890}.Debug|Any CPU.Build.0 = Debug|Any CPU
		{C3D4E5F6-3456-789A-BCDE-F01234567890}.Release|Any CPU.ActiveCfg = Release|Any CPU
		{C3D4E5F6-3456-789A-BCDE-F01234567890}.Release|Any CPU.Build.0 = Release|Any CPU
		{D4E5F6A7-4567-89AB-CDEF-012345678901}.Debug|Any CPU.ActiveCfg = Debug|Any CPU
		{D4E5F6A7-4567-89AB-CDEF-012345678901}.Debug|Any CPU.Build.0 = Debug|Any CPU
		{D4E5F6A7-4567-89AB-CDEF-012345678901}.Release|Any CPU.ActiveCfg = Release|Any CPU
		{D4E5F6A7-4567-89AB-CDEF-012345678901}.Release|Any CPU.Build.0 = Release|Any CPU
		{E5F6A7B8-5678-9ABC-DEF0-123456789012}.Debug|Any CPU.ActiveCfg = Debug|Any CPU
		{E5F6A7B8-5678-9ABC-DEF0-123456789012}.Debug|Any CPU.Build.0 = Debug|Any CPU
		{E5F6A7B8-5678-9ABC-DEF0-123456789012}.Release|Any CPU.ActiveCfg = Release|Any CPU
		{E5F6A7B8-5678-9ABC-DEF0-123456789012}.Release|Any CPU.Build.0 = Release|Any CPU
		{F6A7B8C9-6789-ABCD-EF01-234567890123}.Debug|Any CPU.ActiveCfg = Debug|Any CPU
		{F6A7B8C9-6789-ABCD-EF01-234567890123}.Debug|Any CPU.Build.0 = Debug|Any CPU
		{F6A7B8C9-6789-ABCD-EF01-234567890123}.Release|Any CPU.ActiveCfg = Release|Any CPU
		{F6A7B8C9-6789-ABCD-EF01-234567890123}.Release|Any CPU.Build.0 = Release|Any CPU
		{A7B8C9D0-789A-BCDE-F012-345678901234}.Debug|Any CPU.ActiveCfg = Debug|Any CPU
		{A7B8C9D0-789A-BCDE-F012-345678901234}.Debug|Any CPU.Build.0 = Debug|Any CPU
		{A7B8C9D0-789A-BCDE-F012-345678901234}.Release|Any CPU.ActiveCfg = Release|Any CPU
		{A7B8C9D0-789A-BCDE-F012-345678901234}.Release|Any CPU.Build.0 = Release|Any CPU
		{B8C9D0E1-89AB-CDEF-0123-456789012345}.Debug|Any CPU.ActiveCfg = Debug|Any CPU
		{B8C9D0E1-89AB-CDEF-0123-456789012345}.Debug|Any CPU.Build.0 = Debug|Any CPU
		{B8C9D0E1-89AB-CDEF-0123-456789012345}.Release|Any CPU.ActiveCfg = Release|Any CPU
		{B8C9D0E1-89AB-CDEF-0123-456789012345}.Release|Any CPU.Build.0 = Release|Any CPU
		{C9D0E1F2-9ABC-DEF0-1234-567890123456}.Debug|Any CPU.ActiveCfg = Debug|Any CPU
		{C9D0E1F2-9ABC-DEF0-1234-567890123456}.Debug|Any CPU.Build.0 = Debug|Any CPU
		{C9D0E1F2-9ABC-DEF0-1234-567890123456}.Release|Any CPU.ActiveCfg = Release|Any CPU
		{C9D0E1F2-9ABC-DEF0-1234-567890123456}.Release|Any CPU.Build.0 = Release|Any CPU
		{D0E1F2A3-ABCD-EF01-2345-678901234567}.Debug|Any CPU.ActiveCfg = Debug|Any CPU
		{D0E1F2A3-ABCD-EF01-2345-678901234567}.Debug|Any CPU.Build.0 = Debug|Any CPU
		{D0E1F2A3-ABCD-EF01-2345-678901234567}.Release|Any CPU.ActiveCfg = Release|Any CPU
		{D0E1F2A3-ABCD-EF01-2345-678901234567}.Release|Any CPU.Build.0 = Release|Any CPU
		{F8A9B0C1-2345-6789-ABCD-456789012345}.Debug|Any CPU.ActiveCfg = Debug|Any CPU
		{F8A9B0C1-2345-6789-ABCD-456789012345}.Debug|Any CPU.Build.0 = Debug|Any CPU
		{F8A9B0C1-2345-6789-ABCD-456789012345}.Release|Any CPU.ActiveCfg = Release|Any CPU
		{F8A9B0C1-2345-6789-ABCD-456789012345}.Release|Any CPU.Build.0 = Release|Any CPU
		{C5D6E7F8-F012-3456-789A-123456789012}.Debug|Any CPU.ActiveCfg = Debug|Any CPU
		{C5D6E7F8-F012-3456-789A-123456789012}.Debug|Any CPU.Build.0 = Debug|Any CPU
		{C5D6E7F8-F012-3456-789A-123456789012}.Release|Any CPU.ActiveCfg = Release|Any CPU
		{C5D6E7F8-F012-3456-789A-123456789012}.Release|Any CPU.Build.0 = Release|Any CPU
		{D6E7F8A9-0123-4567-89AB-234567890123}.Debug|Any CPU.ActiveCfg = Debug|Any CPU
		{D6E7F8A9-0123-4567-89AB-234567890123}.Debug|Any CPU.Build.0 = Debug|Any CPU
		{D6E7F8A9-0123-4567-89AB-234567890123}.Release|Any CPU.ActiveCfg = Release|Any CPU
		{D6E7F8A9-0123-4567-89AB-234567890123}.Release|Any CPU.Build.0 = Release|Any CPU
	EndGlobalSection
	GlobalSection(SolutionProperties) = preSolution
		HideSolutionNode = FALSE
	EndGlobalSection
	GlobalSection(NestedProjects) = preSolution
		{A1B2C3D4-1234-5678-9ABC-DEF012345678} = {10000000-0000-0000-0000-000000000001}
		{B2C3D4E5-2345-6789-ABCD-EF0123456789} = {10000000-0000-0000-0000-000000000001}
		{C3D4E5F6-3456-789A-BCDE-F01234567890} = {10000000-0000-0000-0000-000000000001}
		{D4E5F6A7-4567-89AB-CDEF-012345678901} = {10000000-0000-0000-0000-000000000001}
		{E5F6A7B8-5678-9ABC-DEF0-123456789012} = {10000000-0000-0000-0000-000000000001}
		{F6A7B8C9-6789-ABCD-EF01-234567890123} = {10000000-0000-0000-0000-000000000001}
		{A7B8C9D0-789A-BCDE-F012-345678901234} = {10000000-0000-0000-0000-000000000001}
		{B8C9D0E1-89AB-CDEF-0123-456789012345} = {10000000-0000-0000-0000-000000000001}
		{C9D0E1F2-9ABC-DEF0-1234-567890123456} = {10000000-0000-0000-0000-000000000001}
		{D0E1F2A3-ABCD-EF01-2345-678901234567} = {10000000-0000-0000-0000-000000000001}
		{F8A9B0C1-2345-6789-ABCD-456789012345} = {10000000-0000-0000-0000-000000000001}
		{C5D6E7F8-F012-3456-789A-123456789012} = {20000000-0000-0000-0000-000000000002}
		{D6E7F8A9-0123-4567-89AB-234567890123} = {20000000-0000-0000-0000-000000000002}
	EndGlobalSection
EndGlobal
